
Microsoft Visual Studio Solution File, Format Version 12.00
# Visual Studio Version 17
VisualStudioVersion = 17.8.34322.80
MinimumVisualStudioVersion = 10.0.40219.1
Project("{FAE04EC0-301F-11D3-BF4B-00C04F79EFBC}") = "UserAPI", "UserAPI.csproj", "{62873282-5D30-44A5-AD7B-9457E082DEC2}"
EndProject
Global
	GlobalSection(SolutionConfigurationPlatforms) = preSolution
		Debug|Any CPU = Debug|Any CPU
		Release|Any CPU = Release|Any CPU
	EndGlobalSection
	GlobalSection(ProjectConfigurationPlatforms) = postSolution
		{62873282-5D30-44A5-AD7B-9457E082DEC2}.Debug|Any CPU.ActiveCfg = Debug|Any CPU
		{62873282-5D30-44A5-AD7B-9457E082DEC2}.Debug|Any CPU.Build.0 = Debug|Any CPU
		{62873282-5D30-44A5-AD7B-9457E082DEC2}.Release|Any CPU.ActiveCfg = Release|Any CPU
		{62873282-5D30-44A5-AD7B-9457E082DEC2}.Release|Any CPU.Build.0 = Release|Any CPU
	EndGlobalSection
	GlobalSection(SolutionProperties) = preSolution
		HideSolutionNode = FALSE
	EndGlobalSection
	GlobalSection(ExtensibilityGlobals) = postSolution
		SolutionGuid = {FA7DB0F3-E359-4A81-AB44-D258A073F615}
	EndGlobalSection
EndGlobal
